
Microsoft Visual Studio Solution File, Format Version 12.00
# Visual Studio Version 17
VisualStudioVersion = 17.5.33516.290
MinimumVisualStudioVersion = 10.0.40219.1
Project("{FAE04EC0-301F-11D3-BF4B-00C04F79EFBC}") = "SolutionTests", "..\SolutionTests\SolutionTests.csproj", "{B85C995A-F3A1-4202-90FE-530387DAC1C9}"
EndProject
Project("{FAE04EC0-301F-11D3-BF4B-00C04F79EFBC}") = "Solution", "..\Solution\Solution.csproj", "{18C89782-6CEC-484C-A7A9-86927675771D}"
EndProject
Global
	GlobalSection(SolutionConfigurationPlatforms) = preSolution
		Debug|Any CPU = Debug|Any CPU
		Release|Any CPU = Release|Any CPU
	EndGlobalSection
	GlobalSection(ProjectConfigurationPlatforms) = postSolution
		{B85C995A-F3A1-4202-90FE-530387DAC1C9}.Debug|Any CPU.ActiveCfg = Debug|Any CPU
		{B85C995A-F3A1-4202-90FE-530387DAC1C9}.Debug|Any CPU.Build.0 = Debug|Any CPU
		{B85C995A-F3A1-4202-90FE-530387DAC1C9}.Release|Any CPU.ActiveCfg = Release|Any CPU
		{B85C995A-F3A1-4202-90FE-530387DAC1C9}.Release|Any CPU.Build.0 = Release|Any CPU
		{18C89782-6CEC-484C-A7A9-86927675771D}.Debug|Any CPU.ActiveCfg = Debug|Any CPU
		{18C89782-6CEC-484C-A7A9-86927675771D}.Debug|Any CPU.Build.0 = Debug|Any CPU
		{18C89782-6CEC-484C-A7A9-86927675771D}.Release|Any CPU.ActiveCfg = Release|Any CPU
		{18C89782-6CEC-484C-A7A9-86927675771D}.Release|Any CPU.Build.0 = Release|Any CPU
	EndGlobalSection
	GlobalSection(SolutionProperties) = preSolution
		HideSolutionNode = FALSE
	EndGlobalSection
	GlobalSection(ExtensibilityGlobals) = postSolution
		SolutionGuid = {60B58416-0911-40D1-A00E-1E5B9EE0C762}
	EndGlobalSection
EndGlobal
